# THIS IS AN AUTOGENERATED FILE. DO NOT EDIT THIS FILE DIRECTLY.
# yarn lockfile v1


"@hono/node-server@^1.4.0":
  version "1.14.1"
  resolved "https://registry.yarnpkg.com/@hono/node-server/-/node-server-1.14.1.tgz#a1e21c29b0becde0359371fadf7391746fead4c9"
  integrity sha512-vmbuM+HPinjWzPe7FFPWMMQMsbKE9gDPhaH0FFdqbGpkT5lp++tcWDTxwBl5EgS5y6JVgIaCdjeHRfQ4XRBRjQ==

hono@^3.12.0:
  version "3.12.12"
  resolved "https://registry.yarnpkg.com/hono/-/hono-3.12.12.tgz#1b725feb2604d1b2d50c3a8c11594cca1db462f8"
  integrity sha512-5IAMJOXfpA5nT+K0MNjClchzz0IhBHs2Szl7WFAhrFOsbtQsYmNynFyJRg/a3IPsmCfxcrf8txUGiNShXpK5Rg==
